
Microsoft Visual Studio Solution File, Format Version 12.00
# Visual Studio 15
VisualStudioVersion = 15.0.28307.329
MinimumVisualStudioVersion = 10.0.40219.1
Project("{FAE04EC0-301F-11D3-BF4B-00C04F79EFBC}") = "gladepay-dotnet", "gladepay-dotnet\gladepay-dotnet.csproj", "{C6E8C3A0-D644-4D4C-9E48-FC634FACEBC3}"
EndProject
Project("{FAE04EC0-301F-11D3-BF4B-00C04F79EFBC}") = "gladepay-dotnet-tests", "gladepay-dotnet-tests\gladepay-dotnet-tests.csproj", "{149CB3D4-41E4-4ED7-A3A3-A3BEF29F40B8}"
EndProject
Global
	GlobalSection(SolutionConfigurationPlatforms) = preSolution
		Debug|Any CPU = Debug|Any CPU
		Release|Any CPU = Release|Any CPU
	EndGlobalSection
	GlobalSection(ProjectConfigurationPlatforms) = postSolution
		{C6E8C3A0-D644-4D4C-9E48-FC634FACEBC3}.Debug|Any CPU.ActiveCfg = Debug|Any CPU
		{C6E8C3A0-D644-4D4C-9E48-FC634FACEBC3}.Debug|Any CPU.Build.0 = Debug|Any CPU
		{C6E8C3A0-D644-4D4C-9E48-FC634FACEBC3}.Release|Any CPU.ActiveCfg = Release|Any CPU
		{C6E8C3A0-D644-4D4C-9E48-FC634FACEBC3}.Release|Any CPU.Build.0 = Release|Any CPU
		{149CB3D4-41E4-4ED7-A3A3-A3BEF29F40B8}.Debug|Any CPU.ActiveCfg = Debug|Any CPU
		{149CB3D4-41E4-4ED7-A3A3-A3BEF29F40B8}.Debug|Any CPU.Build.0 = Debug|Any CPU
		{149CB3D4-41E4-4ED7-A3A3-A3BEF29F40B8}.Release|Any CPU.ActiveCfg = Release|Any CPU
		{149CB3D4-41E4-4ED7-A3A3-A3BEF29F40B8}.Release|Any CPU.Build.0 = Release|Any CPU
	EndGlobalSection
	GlobalSection(SolutionProperties) = preSolution
		HideSolutionNode = FALSE
	EndGlobalSection
	GlobalSection(ExtensibilityGlobals) = postSolution
		SolutionGuid = {EB94F039-C5FD-4A49-999B-BF44011A6BF0}
	EndGlobalSection
EndGlobal
